
Microsoft Visual Studio Solution File, Format Version 12.00
# Visual Studio 15
VisualStudioVersion = 15.0.27130.2024
MinimumVisualStudioVersion = 10.0.40219.1
Project("{FAE04EC0-301F-11D3-BF4B-00C04F79EFBC}") = "DataSpider", "DataSpider\DataSpider.csproj", "{E5801264-2A85-4FB4-B9FA-4B64123B1AC8}"
EndProject
Global
	GlobalSection(SolutionConfigurationPlatforms) = preSolution
		Debug|Any CPU = Debug|Any CPU
		Release|Any CPU = Release|Any CPU
	EndGlobalSection
	GlobalSection(ProjectConfigurationPlatforms) = postSolution
		{E5801264-2A85-4FB4-B9FA-4B64123B1AC8}.Debug|Any CPU.ActiveCfg = Debug|Any CPU
		{E5801264-2A85-4FB4-B9FA-4B64123B1AC8}.Debug|Any CPU.Build.0 = Debug|Any CPU
		{E5801264-2A85-4FB4-B9FA-4B64123B1AC8}.Release|Any CPU.ActiveCfg = Release|Any CPU
		{E5801264-2A85-4FB4-B9FA-4B64123B1AC8}.Release|Any CPU.Build.0 = Release|Any CPU
	EndGlobalSection
	GlobalSection(SolutionProperties) = preSolution
		HideSolutionNode = FALSE
	EndGlobalSection
	GlobalSection(ExtensibilityGlobals) = postSolution
		SolutionGuid = {FA10CC38-AD1B-4216-BFA8-F717C0B1D091}
	EndGlobalSection
EndGlobal
